Microsoft Visual Studio Solution File, Format Version 12.00
# Visual Studio Version 17
VisualStudioVersion = 17.5.2.0
MinimumVisualStudioVersion = 10.0.40219.1
Project("{FAE04EC0-301F-11D3-BF4B-00C04F79EFBC}") = "CrapsGame", "CrapsGame\CrapsGame.csproj", "{65B416BB-2F95-50F2-95C7-CE7D137A828C}"
EndProject
Global
	GlobalSection(SolutionConfigurationPlatforms) = preSolution
		Debug|Any CPU = Debug|Any CPU
		Release|Any CPU = Release|Any CPU
	EndGlobalSection
	GlobalSection(ProjectConfigurationPlatforms) = postSolution
		{65B416BB-2F95-50F2-95C7-CE7D137A828C}.Debug|Any CPU.ActiveCfg = Debug|Any CPU
		{65B416BB-2F95-50F2-95C7-CE7D137A828C}.Debug|Any CPU.Build.0 = Debug|Any CPU
		{65B416BB-2F95-50F2-95C7-CE7D137A828C}.Release|Any CPU.ActiveCfg = Release|Any CPU
		{65B416BB-2F95-50F2-95C7-CE7D137A828C}.Release|Any CPU.Build.0 = Release|Any CPU
	EndGlobalSection
	GlobalSection(SolutionProperties) = preSolution
		HideSolutionNode = FALSE
	EndGlobalSection
	GlobalSection(ExtensibilityGlobals) = postSolution
		SolutionGuid = {3ED02B4F-137D-45EC-A1A3-B8F825E2D07D}
	EndGlobalSection
EndGlobal
